// !$*UTF8*$!
{
	archiveVersion = 1;
	classes = {
	};
	objectVersion = 46;
	objects = {

/* Begin PBXAggregateTarget section */
		"Decorator::DecoratorPackageTests::ProductTarget" /* DecoratorPackageTests */ = {
			isa = PBXAggregateTarget;
			buildConfigurationList = OBJ_59 /* Build configuration list for PBXAggregateTarget "DecoratorPackageTests" */;
			buildPhases = (
			);
			dependencies = (
				OBJ_62 /* PBXTargetDependency */,
			);
			name = DecoratorPackageTests;
			productName = DecoratorPackageTests;
		};
/* End PBXAggregateTarget section */

/* Begin PBXBuildFile section */
		OBJ_39 /* Builder.swift in Sources */ = {isa = PBXBuildFile; fileRef = OBJ_10 /* Builder.swift */; };
		OBJ_40 /* ChainBuilder.swift in Sources */ = {isa = PBXBuildFile; fileRef = OBJ_11 /* ChainBuilder.swift */; };
		OBJ_41 /* EntryPoint.swift in Sources */ = {isa = PBXBuildFile; fileRef = OBJ_12 /* EntryPoint.swift */; };
		OBJ_42 /* InverseChain.swift in Sources */ = {isa = PBXBuildFile; fileRef = OBJ_13 /* InverseChain.swift */; };
		OBJ_43 /* Operators.swift in Sources */ = {isa = PBXBuildFile; fileRef = OBJ_15 /* Operators.swift */; };
		OBJ_44 /* BuilderProtocol.swift in Sources */ = {isa = PBXBuildFile; fileRef = OBJ_17 /* BuilderProtocol.swift */; };
		OBJ_45 /* EntryPointProtocol.swift in Sources */ = {isa = PBXBuildFile; fileRef = OBJ_18 /* EntryPointProtocol.swift */; };
		OBJ_46 /* ExecuteDecorator.swift in Sources */ = {isa = PBXBuildFile; fileRef = OBJ_19 /* ExecuteDecorator.swift */; };
		OBJ_47 /* ParameterizedDecoratorProtocol.swift in Sources */ = {isa = PBXBuildFile; fileRef = OBJ_20 /* ParameterizedDecoratorProtocol.swift */; };
		OBJ_48 /* Executee.swift in Sources */ = {isa = PBXBuildFile; fileRef = OBJ_22 /* Executee.swift */; };
		OBJ_49 /* Locker.swift in Sources */ = {isa = PBXBuildFile; fileRef = OBJ_23 /* Locker.swift */; };
		OBJ_50 /* Queuer.swift in Sources */ = {isa = PBXBuildFile; fileRef = OBJ_24 /* Queuer.swift */; };
		OBJ_57 /* Package.swift in Sources */ = {isa = PBXBuildFile; fileRef = OBJ_6 /* Package.swift */; };
		OBJ_68 /* DecoratorTests.swift in Sources */ = {isa = PBXBuildFile; fileRef = OBJ_27 /* DecoratorTests.swift */; };
		OBJ_69 /* XCTestManifests.swift in Sources */ = {isa = PBXBuildFile; fileRef = OBJ_28 /* XCTestManifests.swift */; };
		OBJ_71 /* Decorator.framework in Frameworks */ = {isa = PBXBuildFile; fileRef = "Decorator::Decorator::Product" /* Decorator.framework */; };
/* End PBXBuildFile section */

/* Begin PBXContainerItemProxy section */
		0A48ED13262A7770009E4EB8 /* PBXContainerItemProxy */ = {
			isa = PBXContainerItemProxy;
			containerPortal = OBJ_1 /* Project object */;
			proxyType = 1;
			remoteGlobalIDString = "Decorator::Decorator";
			remoteInfo = Decorator;
		};
		0A48ED16262A7771009E4EB8 /* PBXContainerItemProxy */ = {
			isa = PBXContainerItemProxy;
			containerPortal = OBJ_1 /* Project object */;
			proxyType = 1;
			remoteGlobalIDString = "Decorator::DecoratorTests";
			remoteInfo = DecoratorTests;
		};
/* End PBXContainerItemProxy section */

/* Begin PBXFileReference section */
		"Decorator::Decorator::Product" /* Decorator.framework */ = {isa = PBXFileReference; explicitFileType = wrapper.framework; path = Decorator.framework; sourceTree = BUILT_PRODUCTS_DIR; };
		"Decorator::DecoratorTests::Product" /* DecoratorTests.xctest */ = {isa = PBXFileReference; lastKnownFileType = file; path = DecoratorTests.xctest; sourceTree = BUILT_PRODUCTS_DIR; };
		OBJ_10 /* Builder.swift */ = {isa = PBXFileReference; lastKnownFileType = sourcecode.swift; path = Builder.swift; sourceTree = "<group>"; };
		OBJ_11 /* ChainBuilder.swift */ = {isa = PBXFileReference; lastKnownFileType = sourcecode.swift; path = ChainBuilder.swift; sourceTree = "<group>"; };
		OBJ_12 /* EntryPoint.swift */ = {isa = PBXFileReference; lastKnownFileType = sourcecode.swift; path = EntryPoint.swift; sourceTree = "<group>"; };
		OBJ_13 /* InverseChain.swift */ = {isa = PBXFileReference; lastKnownFileType = sourcecode.swift; path = InverseChain.swift; sourceTree = "<group>"; };
		OBJ_15 /* Operators.swift */ = {isa = PBXFileReference; lastKnownFileType = sourcecode.swift; path = Operators.swift; sourceTree = "<group>"; };
		OBJ_17 /* BuilderProtocol.swift */ = {isa = PBXFileReference; lastKnownFileType = sourcecode.swift; path = BuilderProtocol.swift; sourceTree = "<group>"; };
		OBJ_18 /* EntryPointProtocol.swift */ = {isa = PBXFileReference; lastKnownFileType = sourcecode.swift; path = EntryPointProtocol.swift; sourceTree = "<group>"; };
		OBJ_19 /* ExecuteDecorator.swift */ = {isa = PBXFileReference; lastKnownFileType = sourcecode.swift; path = ExecuteDecorator.swift; sourceTree = "<group>"; };
		OBJ_20 /* ParameterizedDecoratorProtocol.swift */ = {isa = PBXFileReference; lastKnownFileType = sourcecode.swift; path = ParameterizedDecoratorProtocol.swift; sourceTree = "<group>"; };
		OBJ_22 /* Executee.swift */ = {isa = PBXFileReference; lastKnownFileType = sourcecode.swift; path = Executee.swift; sourceTree = "<group>"; };
		OBJ_23 /* Locker.swift */ = {isa = PBXFileReference; lastKnownFileType = sourcecode.swift; path = Locker.swift; sourceTree = "<group>"; };
		OBJ_24 /* Queuer.swift */ = {isa = PBXFileReference; lastKnownFileType = sourcecode.swift; path = Queuer.swift; sourceTree = "<group>"; };
		OBJ_27 /* DecoratorTests.swift */ = {isa = PBXFileReference; lastKnownFileType = sourcecode.swift; path = DecoratorTests.swift; sourceTree = "<group>"; };
		OBJ_28 /* XCTestManifests.swift */ = {isa = PBXFileReference; lastKnownFileType = sourcecode.swift; path = XCTestManifests.swift; sourceTree = "<group>"; };
		OBJ_32 /* LICENSE */ = {isa = PBXFileReference; lastKnownFileType = text; path = LICENSE; sourceTree = "<group>"; };
		OBJ_33 /* README.md */ = {isa = PBXFileReference; lastKnownFileType = net.daringfireball.markdown; path = README.md; sourceTree = "<group>"; };
		OBJ_6 /* Package.swift */ = {isa = PBXFileReference; explicitFileType = sourcecode.swift; path = Package.swift; sourceTree = "<group>"; };
/* End PBXFileReference section */

/* Begin PBXFrameworksBuildPhase section */
		OBJ_51 /* Frameworks */ = {
			isa = PBXFrameworksBuildPhase;
			buildActionMask = 0;
			files = (
			);
			runOnlyForDeploymentPostprocessing = 0;
		};
		OBJ_70 /* Frameworks */ = {
			isa = PBXFrameworksBuildPhase;
			buildActionMask = 0;
			files = (
				OBJ_71 /* Decorator.framework in Frameworks */,
			);
			runOnlyForDeploymentPostprocessing = 0;
		};
/* End PBXFrameworksBuildPhase section */

/* Begin PBXGroup section */
		OBJ_14 /* CustomOperators */ = {
			isa = PBXGroup;
			children = (
				OBJ_15 /* Operators.swift */,
			);
			path = CustomOperators;
			sourceTree = "<group>";
		};
		OBJ_16 /* Protocols */ = {
			isa = PBXGroup;
			children = (
				OBJ_17 /* BuilderProtocol.swift */,
				OBJ_18 /* EntryPointProtocol.swift */,
				OBJ_19 /* ExecuteDecorator.swift */,
				OBJ_20 /* ParameterizedDecoratorProtocol.swift */,
			);
			path = Protocols;
			sourceTree = "<group>";
		};
		OBJ_21 /* Simple Decprators */ = {
			isa = PBXGroup;
			children = (
				OBJ_22 /* Executee.swift */,
				OBJ_23 /* Locker.swift */,
				OBJ_24 /* Queuer.swift */,
			);
			path = "Simple Decprators";
			sourceTree = "<group>";
		};
		OBJ_25 /* Tests */ = {
			isa = PBXGroup;
			children = (
				OBJ_26 /* DecoratorTests */,
			);
			name = Tests;
			sourceTree = SOURCE_ROOT;
		};
		OBJ_26 /* DecoratorTests */ = {
			isa = PBXGroup;
			children = (
				OBJ_27 /* DecoratorTests.swift */,
				OBJ_28 /* XCTestManifests.swift */,
			);
			name = DecoratorTests;
			path = Tests/DecoratorTests;
			sourceTree = SOURCE_ROOT;
		};
		OBJ_29 /* Products */ = {
			isa = PBXGroup;
			children = (
				"Decorator::Decorator::Product" /* Decorator.framework */,
				"Decorator::DecoratorTests::Product" /* DecoratorTests.xctest */,
			);
			name = Products;
			sourceTree = BUILT_PRODUCTS_DIR;
		};
		OBJ_5 /*  */ = {
			isa = PBXGroup;
			children = (
				OBJ_6 /* Package.swift */,
				OBJ_7 /* Sources */,
				OBJ_25 /* Tests */,
				OBJ_29 /* Products */,
				OBJ_32 /* LICENSE */,
				OBJ_33 /* README.md */,
			);
			name = "";
			sourceTree = "<group>";
		};
		OBJ_7 /* Sources */ = {
			isa = PBXGroup;
			children = (
				OBJ_8 /* Decorator */,
			);
			name = Sources;
			sourceTree = SOURCE_ROOT;
		};
		OBJ_8 /* Decorator */ = {
			isa = PBXGroup;
			children = (
				OBJ_9 /* Create & Setup */,
				OBJ_14 /* CustomOperators */,
				OBJ_16 /* Protocols */,
				OBJ_21 /* Simple Decprators */,
			);
			name = Decorator;
			path = Sources/Decorator;
			sourceTree = SOURCE_ROOT;
		};
		OBJ_9 /* Create & Setup */ = {
			isa = PBXGroup;
			children = (
				OBJ_10 /* Builder.swift */,
				OBJ_11 /* ChainBuilder.swift */,
				OBJ_12 /* EntryPoint.swift */,
				OBJ_13 /* InverseChain.swift */,
			);
			path = "Create & Setup";
			sourceTree = "<group>";
		};
/* End PBXGroup section */

/* Begin PBXNativeTarget section */
		"Decorator::Decorator" /* Decorator */ = {
			isa = PBXNativeTarget;
			buildConfigurationList = OBJ_35 /* Build configuration list for PBXNativeTarget "Decorator" */;
			buildPhases = (
				OBJ_38 /* Sources */,
				OBJ_51 /* Frameworks */,
			);
			buildRules = (
			);
			dependencies = (
			);
			name = Decorator;
			productName = Decorator;
			productReference = "Decorator::Decorator::Product" /* Decorator.framework */;
			productType = "com.apple.product-type.framework";
		};
		"Decorator::DecoratorTests" /* DecoratorTests */ = {
			isa = PBXNativeTarget;
			buildConfigurationList = OBJ_64 /* Build configuration list for PBXNativeTarget "DecoratorTests" */;
			buildPhases = (
				OBJ_67 /* Sources */,
				OBJ_70 /* Frameworks */,
			);
			buildRules = (
			);
			dependencies = (
				OBJ_72 /* PBXTargetDependency */,
			);
			name = DecoratorTests;
			productName = DecoratorTests;
			productReference = "Decorator::DecoratorTests::Product" /* DecoratorTests.xctest */;
			productType = "com.apple.product-type.bundle.unit-test";
		};
		"Decorator::SwiftPMPackageDescription" /* DecoratorPackageDescription */ = {
			isa = PBXNativeTarget;
			buildConfigurationList = OBJ_53 /* Build configuration list for PBXNativeTarget "DecoratorPackageDescription" */;
			buildPhases = (
				OBJ_56 /* Sources */,
			);
			buildRules = (
			);
			dependencies = (
			);
			name = DecoratorPackageDescription;
			productName = DecoratorPackageDescription;
			productType = "com.apple.product-type.framework";
		};
/* End PBXNativeTarget section */

/* Begin PBXProject section */
		OBJ_1 /* Project object */ = {
			isa = PBXProject;
			attributes = {
				LastSwiftMigration = 9999;
				LastUpgradeCheck = 9999;
			};
			buildConfigurationList = OBJ_2 /* Build configuration list for PBXProject "Decorator" */;
			compatibilityVersion = "Xcode 3.2";
			developmentRegion = en;
			hasScannedForEncodings = 0;
			knownRegions = (
				en,
			);
			mainGroup = OBJ_5 /*  */;
			productRefGroup = OBJ_29 /* Products */;
			projectDirPath = "";
			projectRoot = "";
			targets = (
				"Decorator::Decorator" /* Decorator */,
				"Decorator::SwiftPMPackageDescription" /* DecoratorPackageDescription */,
				"Decorator::DecoratorPackageTests::ProductTarget" /* DecoratorPackageTests */,
				"Decorator::DecoratorTests" /* DecoratorTests */,
			);
		};
/* End PBXProject section */

/* Begin PBXSourcesBuildPhase section */
		OBJ_38 /* Sources */ = {
			isa = PBXSourcesBuildPhase;
			buildActionMask = 0;
			files = (
				OBJ_39 /* Builder.swift in Sources */,
				OBJ_40 /* ChainBuilder.swift in Sources */,
				OBJ_41 /* EntryPoint.swift in Sources */,
				OBJ_42 /* InverseChain.swift in Sources */,
				OBJ_43 /* Operators.swift in Sources */,
				OBJ_44 /* BuilderProtocol.swift in Sources */,
				OBJ_45 /* EntryPointProtocol.swift in Sources */,
				OBJ_46 /* ExecuteDecorator.swift in Sources */,
				OBJ_47 /* ParameterizedDecoratorProtocol.swift in Sources */,
				OBJ_48 /* Executee.swift in Sources */,
				OBJ_49 /* Locker.swift in Sources */,
				OBJ_50 /* Queuer.swift in Sources */,
			);
			runOnlyForDeploymentPostprocessing = 0;
		};
		OBJ_56 /* Sources */ = {
			isa = PBXSourcesBuildPhase;
			buildActionMask = 0;
			files = (
				OBJ_57 /* Package.swift in Sources */,
			);
			runOnlyForDeploymentPostprocessing = 0;
		};
		OBJ_67 /* Sources */ = {
			isa = PBXSourcesBuildPhase;
			buildActionMask = 0;
			files = (
				OBJ_68 /* DecoratorTests.swift in Sources */,
				OBJ_69 /* XCTestManifests.swift in Sources */,
			);
			runOnlyForDeploymentPostprocessing = 0;
		};
/* End PBXSourcesBuildPhase section */

/* Begin PBXTargetDependency section */
		OBJ_62 /* PBXTargetDependency */ = {
			isa = PBXTargetDependency;
			target = "Decorator::DecoratorTests" /* DecoratorTests */;
			targetProxy = 0A48ED16262A7771009E4EB8 /* PBXContainerItemProxy */;
		};
		OBJ_72 /* PBXTargetDependency */ = {
			isa = PBXTargetDependency;
			target = "Decorator::Decorator" /* Decorator */;
			targetProxy = 0A48ED13262A7770009E4EB8 /* PBXContainerItemProxy */;
		};
/* End PBXTargetDependency section */

/* Begin XCBuildConfiguration section */
		OBJ_3 /* Debug */ = {
			isa = XCBuildConfiguration;
			buildSettings = {
				CLANG_ENABLE_OBJC_ARC = YES;
				COMBINE_HIDPI_IMAGES = YES;
				COPY_PHASE_STRIP = NO;
				DEBUG_INFORMATION_FORMAT = dwarf;
				DYLIB_INSTALL_NAME_BASE = "@rpath";
				ENABLE_NS_ASSERTIONS = YES;
				GCC_OPTIMIZATION_LEVEL = 0;
				GCC_PREPROCESSOR_DEFINITIONS = (
					"$(inherited)",
					"SWIFT_PACKAGE=1",
					"DEBUG=1",
				);
				MACOSX_DEPLOYMENT_TARGET = 10.10;
				ONLY_ACTIVE_ARCH = YES;
				OTHER_SWIFT_FLAGS = "$(inherited) -DXcode";
				PRODUCT_NAME = "$(TARGET_NAME)";
				SDKROOT = macosx;
				SUPPORTED_PLATFORMS = "macosx iphoneos iphonesimulator appletvos appletvsimulator watchos watchsimulator";
				SWIFT_ACTIVE_COMPILATION_CONDITIONS = "$(inherited) SWIFT_PACKAGE DEBUG";
				SWIFT_OPTIMIZATION_LEVEL = "-Onone";
				USE_HEADERMAP = NO;
			};
			name = Debug;
		};
		OBJ_36 /* Debug */ = {
			isa = XCBuildConfiguration;
			buildSettings = {
				ENABLE_TESTABILITY = YES;
				FRAMEWORK_SEARCH_PATHS = (
					"$(inherited)",
					"$(PLATFORM_DIR)/Developer/Library/Frameworks",
				);
				HEADER_SEARCH_PATHS = "$(inherited)";
				INFOPLIST_FILE = Decorator.xcodeproj/Decorator_Info.plist;
				IPHONEOS_DEPLOYMENT_TARGET = 9.0;
				LD_RUNPATH_SEARCH_PATHS = "$(inherited) $(TOOLCHAIN_DIR)/usr/lib/swift/macosx";
				MACOSX_DEPLOYMENT_TARGET = 10.10;
				MARKETING_VERSION = 0.1.0;
				OTHER_CFLAGS = "$(inherited)";
				OTHER_LDFLAGS = "$(inherited)";
				OTHER_SWIFT_FLAGS = "$(inherited)";
				PRODUCT_BUNDLE_IDENTIFIER = Decorator;
				PRODUCT_MODULE_NAME = "$(TARGET_NAME:c99extidentifier)";
				PRODUCT_NAME = "$(TARGET_NAME:c99extidentifier)";
				SKIP_INSTALL = YES;
				SWIFT_ACTIVE_COMPILATION_CONDITIONS = "$(inherited)";
				SWIFT_VERSION = 5.0;
				TARGET_NAME = Decorator;
				TVOS_DEPLOYMENT_TARGET = 9.0;
				WATCHOS_DEPLOYMENT_TARGET = 2.0;
			};
			name = Debug;
		};
		OBJ_37 /* Release */ = {
			isa = XCBuildConfiguration;
			buildSettings = {
				ENABLE_TESTABILITY = YES;
				FRAMEWORK_SEARCH_PATHS = (
					"$(inherited)",
					"$(PLATFORM_DIR)/Developer/Library/Frameworks",
				);
				HEADER_SEARCH_PATHS = "$(inherited)";
				INFOPLIST_FILE = Decorator.xcodeproj/Decorator_Info.plist;
				IPHONEOS_DEPLOYMENT_TARGET = 9.0;
				LD_RUNPATH_SEARCH_PATHS = "$(inherited) $(TOOLCHAIN_DIR)/usr/lib/swift/macosx";
				MACOSX_DEPLOYMENT_TARGET = 10.10;
				MARKETING_VERSION = 0.1.0;
				OTHER_CFLAGS = "$(inherited)";
				OTHER_LDFLAGS = "$(inherited)";
				OTHER_SWIFT_FLAGS = "$(inherited)";
				PRODUCT_BUNDLE_IDENTIFIER = Decorator;
				PRODUCT_MODULE_NAME = "$(TARGET_NAME:c99extidentifier)";
				PRODUCT_NAME = "$(TARGET_NAME:c99extidentifier)";
				SKIP_INSTALL = YES;
				SWIFT_ACTIVE_COMPILATION_CONDITIONS = "$(inherited)";
				SWIFT_VERSION = 5.0;
				TARGET_NAME = Decorator;
				TVOS_DEPLOYMENT_TARGET = 9.0;
				WATCHOS_DEPLOYMENT_TARGET = 2.0;
			};
			name = Release;
		};
		OBJ_4 /* Release */ = {
			isa = XCBuildConfiguration;
			buildSettings = {
				CLANG_ENABLE_OBJC_ARC = YES;
				COMBINE_HIDPI_IMAGES = YES;
				COPY_PHASE_STRIP = YES;
				DEBUG_INFORMATION_FORMAT = "dwarf-with-dsym";
				DYLIB_INSTALL_NAME_BASE = "@rpath";
				GCC_OPTIMIZATION_LEVEL = s;
				GCC_PREPROCESSOR_DEFINITIONS = (
					"$(inherited)",
					"SWIFT_PACKAGE=1",
				);
				MACOSX_DEPLOYMENT_TARGET = 10.10;
				OTHER_SWIFT_FLAGS = "$(inherited) -DXcode";
				PRODUCT_NAME = "$(TARGET_NAME)";
				SDKROOT = macosx;
				SUPPORTED_PLATFORMS = "macosx iphoneos iphonesimulator appletvos appletvsimulator watchos watchsimulator";
				SWIFT_ACTIVE_COMPILATION_CONDITIONS = "$(inherited) SWIFT_PACKAGE";
				SWIFT_OPTIMIZATION_LEVEL = "-Owholemodule";
				USE_HEADERMAP = NO;
			};
			name = Release;
		};
		OBJ_54 /* Debug */ = {
			isa = XCBuildConfiguration;
			buildSettings = {
				LD = /usr/bin/true;
				OTHER_SWIFT_FLAGS = "-swift-version 5 -I $(TOOLCHAIN_DIR)/usr/lib/swift/pm/4_2 -sdk /Applications/Xcode_12.3.app/Contents/Developer/Platforms/MacOSX.platform/Developer/SDKs/MacOSX11.1.sdk -package-description-version 5.3.0";
				SWIFT_VERSION = 5.0;
			};
			name = Debug;
		};
		OBJ_55 /* Release */ = {
			isa = XCBuildConfiguration;
			buildSettings = {
				LD = /usr/bin/true;
				OTHER_SWIFT_FLAGS = "-swift-version 5 -I $(TOOLCHAIN_DIR)/usr/lib/swift/pm/4_2 -sdk /Applications/Xcode_12.3.app/Contents/Developer/Platforms/MacOSX.platform/Developer/SDKs/MacOSX11.1.sdk -package-description-version 5.3.0";
				SWIFT_VERSION = 5.0;
			};
			name = Release;
		};
		OBJ_60 /* Debug */ = {
			isa = XCBuildConfiguration;
			buildSettings = {
			};
			name = Debug;
		};
		OBJ_61 /* Release */ = {
			isa = XCBuildConfiguration;
			buildSettings = {
			};
			name = Release;
		};
		OBJ_65 /* Debug */ = {
			isa = XCBuildConfiguration;
			buildSettings = {
				CLANG_ENABLE_MODULES = YES;
				EMBEDDED_CONTENT_CONTAINS_SWIFT = YES;
				FRAMEWORK_SEARCH_PATHS = (
					"$(inherited)",
					"$(PLATFORM_DIR)/Developer/Library/Frameworks",
				);
				HEADER_SEARCH_PATHS = "$(inherited)";
				INFOPLIST_FILE = Decorator.xcodeproj/DecoratorTests_Info.plist;
				IPHONEOS_DEPLOYMENT_TARGET = 14.0;
				LD_RUNPATH_SEARCH_PATHS = "$(inherited) @loader_path/../Frameworks @loader_path/Frameworks";
				MACOSX_DEPLOYMENT_TARGET = 10.15;
				OTHER_CFLAGS = "$(inherited)";
				OTHER_LDFLAGS = "$(inherited)";
				OTHER_SWIFT_FLAGS = "$(inherited)";
				SWIFT_ACTIVE_COMPILATION_CONDITIONS = "$(inherited)";
				SWIFT_VERSION = 5.0;
				TARGET_NAME = DecoratorTests;
				TVOS_DEPLOYMENT_TARGET = 9.0;
				WATCHOS_DEPLOYMENT_TARGET = 2.0;
			};
			name = Debug;
		};
		OBJ_66 /* Release */ = {
			isa = XCBuildConfiguration;
			buildSettings = {
				CLANG_ENABLE_MODULES = YES;
				EMBEDDED_CONTENT_CONTAINS_SWIFT = YES;
				FRAMEWORK_SEARCH_PATHS = (
					"$(inherited)",
					"$(PLATFORM_DIR)/Developer/Library/Frameworks",
				);
				HEADER_SEARCH_PATHS = "$(inherited)";
				INFOPLIST_FILE = Decorator.xcodeproj/DecoratorTests_Info.plist;
				IPHONEOS_DEPLOYMENT_TARGET = 14.0;
				LD_RUNPATH_SEARCH_PATHS = "$(inherited) @loader_path/../Frameworks @loader_path/Frameworks";
				MACOSX_DEPLOYMENT_TARGET = 10.15;
				OTHER_CFLAGS = "$(inherited)";
				OTHER_LDFLAGS = "$(inherited)";
				OTHER_SWIFT_FLAGS = "$(inherited)";
				SWIFT_ACTIVE_COMPILATION_CONDITIONS = "$(inherited)";
				SWIFT_VERSION = 5.0;
				TARGET_NAME = DecoratorTests;
				TVOS_DEPLOYMENT_TARGET = 9.0;
				WATCHOS_DEPLOYMENT_TARGET = 2.0;
			};
			name = Release;
		};
/* End XCBuildConfiguration section */

/* Begin XCConfigurationList section */
		OBJ_2 /* Build configuration list for PBXProject "Decorator" */ = {
			isa = XCConfigurationList;
			buildConfigurations = (
				OBJ_3 /* Debug */,
				OBJ_4 /* Release */,
			);
			defaultConfigurationIsVisible = 0;
			defaultConfigurationName = Release;
		};
		OBJ_35 /* Build configuration list for PBXNativeTarget "Decorator" */ = {
			isa = XCConfigurationList;
			buildConfigurations = (
				OBJ_36 /* Debug */,
				OBJ_37 /* Release */,
			);
			defaultConfigurationIsVisible = 0;
			defaultConfigurationName = Release;
		};
		OBJ_53 /* Build configuration list for PBXNativeTarget "DecoratorPackageDescription" */ = {
			isa = XCConfigurationList;
			buildConfigurations = (
				OBJ_54 /* Debug */,
				OBJ_55 /* Release */,
			);
			defaultConfigurationIsVisible = 0;
			defaultConfigurationName = Release;
		};
		OBJ_59 /* Build configuration list for PBXAggregateTarget "DecoratorPackageTests" */ = {
			isa = XCConfigurationList;
			buildConfigurations = (
				OBJ_60 /* Debug */,
				OBJ_61 /* Release */,
			);
			defaultConfigurationIsVisible = 0;
			defaultConfigurationName = Release;
		};
		OBJ_64 /* Build configuration list for PBXNativeTarget "DecoratorTests" */ = {
			isa = XCConfigurationList;
			buildConfigurations = (
				OBJ_65 /* Debug */,
				OBJ_66 /* Release */,
			);
			defaultConfigurationIsVisible = 0;
			defaultConfigurationName = Release;
		};
/* End XCConfigurationList section */
	};
	rootObject = OBJ_1 /* Project object */;
}
